
Microsoft Visual Studio Solution File, Format Version 12.00
# Visual Studio Version 17
VisualStudioVersion = 17.4.33213.308
MinimumVisualStudioVersion = 10.0.40219.1
Project("{9A19103F-16F7-4668-BE54-9A1E7A4F7556}") = "BookShop.UI", "BookShop.UI\BookShop.UI.csproj", "{0DDEB81E-5BD5-432C-A66A-5AC0D1B64CCF}"
EndProject
Project("{9A19103F-16F7-4668-BE54-9A1E7A4F7556}") = "BookShop.Infrastructure", "DataAccess\BookShop.Infrastructure.csproj", "{EAC4E484-5804-4666-97CB-486289B54AA9}"
EndProject
Project("{9A19103F-16F7-4668-BE54-9A1E7A4F7556}") = "BookShop.Core", "BookShop.Core\BookShop.Core.csproj", "{F53F59D5-94F7-4376-9109-54B5D7321074}"
EndProject
Global
	GlobalSection(SolutionConfigurationPlatforms) = preSolution
		Debug|Any CPU = Debug|Any CPU
		Release|Any CPU = Release|Any CPU
	EndGlobalSection
	GlobalSection(ProjectConfigurationPlatforms) = postSolution
		{0DDEB81E-5BD5-432C-A66A-5AC0D1B64CCF}.Debug|Any CPU.ActiveCfg = Debug|Any CPU
		{0DDEB81E-5BD5-432C-A66A-5AC0D1B64CCF}.Debug|Any CPU.Build.0 = Debug|Any CPU
		{0DDEB81E-5BD5-432C-A66A-5AC0D1B64CCF}.Release|Any CPU.ActiveCfg = Release|Any CPU
		{0DDEB81E-5BD5-432C-A66A-5AC0D1B64CCF}.Release|Any CPU.Build.0 = Release|Any CPU
		{EAC4E484-5804-4666-97CB-486289B54AA9}.Debug|Any CPU.ActiveCfg = Debug|Any CPU
		{EAC4E484-5804-4666-97CB-486289B54AA9}.Debug|Any CPU.Build.0 = Debug|Any CPU
		{EAC4E484-5804-4666-97CB-486289B54AA9}.Release|Any CPU.ActiveCfg = Release|Any CPU
		{EAC4E484-5804-4666-97CB-486289B54AA9}.Release|Any CPU.Build.0 = Release|Any CPU
		{F53F59D5-94F7-4376-9109-54B5D7321074}.Debug|Any CPU.ActiveCfg = Debug|Any CPU
		{F53F59D5-94F7-4376-9109-54B5D7321074}.Debug|Any CPU.Build.0 = Debug|Any CPU
		{F53F59D5-94F7-4376-9109-54B5D7321074}.Release|Any CPU.ActiveCfg = Release|Any CPU
		{F53F59D5-94F7-4376-9109-54B5D7321074}.Release|Any CPU.Build.0 = Release|Any CPU
	EndGlobalSection
	GlobalSection(SolutionProperties) = preSolution
		HideSolutionNode = FALSE
	EndGlobalSection
	GlobalSection(ExtensibilityGlobals) = postSolution
		SolutionGuid = {09C46399-84CF-4638-A2CB-CBC907005DB5}
	EndGlobalSection
EndGlobal
